
Microsoft Visual Studio Solution File, Format Version 12.00
# Visual Studio Version 17
VisualStudioVersion = 17.7.34031.279
MinimumVisualStudioVersion = 10.0.40219.1
Project("{FAE04EC0-301F-11D3-BF4B-00C04F79EFBC}") = "Freelancer_API", "Freelancer_API.csproj", "{15742B12-7F7A-45E8-89CB-A63FA788C596}"
EndProject
Global
	GlobalSection(SolutionConfigurationPlatforms) = preSolution
		Debug|Any CPU = Debug|Any CPU
		Release|Any CPU = Release|Any CPU
	EndGlobalSection
	GlobalSection(ProjectConfigurationPlatforms) = postSolution
		{15742B12-7F7A-45E8-89CB-A63FA788C596}.Debug|Any CPU.ActiveCfg = Debug|Any CPU
		{15742B12-7F7A-45E8-89CB-A63FA788C596}.Debug|Any CPU.Build.0 = Debug|Any CPU
		{15742B12-7F7A-45E8-89CB-A63FA788C596}.Release|Any CPU.ActiveCfg = Release|Any CPU
		{15742B12-7F7A-45E8-89CB-A63FA788C596}.Release|Any CPU.Build.0 = Release|Any CPU
	EndGlobalSection
	GlobalSection(SolutionProperties) = preSolution
		HideSolutionNode = FALSE
	EndGlobalSection
	GlobalSection(ExtensibilityGlobals) = postSolution
		SolutionGuid = {CCB9B7B8-530C-4EEA-864F-6E091806D693}
	EndGlobalSection
EndGlobal
